
Microsoft Visual Studio Solution File, Format Version 12.00
# Visual Studio Version 17
VisualStudioVersion = 17.0.31903.59
MinimumVisualStudioVersion = 10.0.40219.1
Project("{2150E333-8FDC-42A3-9474-1A3956D46DE8}") = "CBS-AKS-ExternalAccountTransfer", "CBS-AKS-ExternalAccountTransfer", "{CA1F3989-F02B-4573-91E8-02E48EA97F35}"
EndProject
Project("{2150E333-8FDC-42A3-9474-1A3956D46DE8}") = "src", "src", "{2FDDA759-B30F-4BC4-9995-CA96B84A63F0}"
EndProject
Project("{FAE04EC0-301F-11D3-BF4B-00C04F79EFBC}") = "ExternalAccountTransfer", "CBS-AKS-ExternalAccountTransfer\src\ExternalAccountTransfer\ExternalAccountTransfer.csproj", "{2A060FC7-6486-4BD0-8980-752BA043AAC4}"
EndProject
Project("{FAE04EC0-301F-11D3-BF4B-00C04F79EFBC}") = "Tests", "CBS-AKS-ExternalAccountTransfer\src\Tests\Tests.csproj", "{AB9E44B8-C6AC-4F44-AFFF-4B376CE147F7}"
EndProject
Project("{2150E333-8FDC-42A3-9474-1A3956D46DE8}") = "CBS-AKS-GlobalFundTransfer", "CBS-AKS-GlobalFundTransfer", "{3CBEC704-9827-4B08-A659-8A8CC4F8A7AE}"
EndProject
Project("{2150E333-8FDC-42A3-9474-1A3956D46DE8}") = "src", "src", "{AA9F803F-1B4A-47D2-A8CC-CB5FB97608FA}"
EndProject
Project("{FAE04EC0-301F-11D3-BF4B-00C04F79EFBC}") = "GlobalFundTransfer", "CBS-AKS-GlobalFundTransfer\src\GlobalFundTransfer\GlobalFundTransfer.csproj", "{E43CAD1C-B8CA-4070-A77B-30043389E480}"
EndProject
Project("{FAE04EC0-301F-11D3-BF4B-00C04F79EFBC}") = "Tests", "CBS-AKS-GlobalFundTransfer\src\Tests\Tests.csproj", "{A6D330A9-9747-4B56-B487-1F5F44C6CB3F}"
EndProject
Project("{2150E333-8FDC-42A3-9474-1A3956D46DE8}") = "CBS-AKS-GlobalFundTransferOrchestrator", "CBS-AKS-GlobalFundTransferOrchestrator", "{CF330DA1-65A6-4E54-963D-5251919C85FB}"
EndProject
Project("{2150E333-8FDC-42A3-9474-1A3956D46DE8}") = "src", "src", "{C0E07AED-BAB3-4E67-B3A5-BB22AEEA6BA0}"
EndProject
Project("{FAE04EC0-301F-11D3-BF4B-00C04F79EFBC}") = "GlobalFundTransferOrchestrator", "CBS-AKS-GlobalFundTransferOrchestrator\src\GlobalFundTransferOrchestrator\GlobalFundTransferOrchestrator.csproj", "{65860481-DA64-4DA4-A299-BCA150FDEAF2}"
EndProject
Project("{FAE04EC0-301F-11D3-BF4B-00C04F79EFBC}") = "Tests", "CBS-AKS-GlobalFundTransferOrchestrator\src\Tests\Tests.csproj", "{ACB3BB3A-11B7-495A-ADA6-16ABC91C4100}"
EndProject
Project("{2150E333-8FDC-42A3-9474-1A3956D46DE8}") = "CBS-ExternalCardTransferPush", "CBS-ExternalCardTransferPush", "{90DB1D21-3C6F-4940-962C-52DB766E561B}"
EndProject
Project("{2150E333-8FDC-42A3-9474-1A3956D46DE8}") = "src", "src", "{3C527A6E-1C1F-4044-AFC3-B01E7D0C41F4}"
EndProject
Project("{FAE04EC0-301F-11D3-BF4B-00C04F79EFBC}") = "ExternalCardTransferPush", "CBS-ExternalCardTransferPush\src\ExternalCardTransferPush\ExternalCardTransferPush.csproj", "{B0F45527-248A-456A-A8C6-E1F83F2E20B1}"
EndProject
Project("{FAE04EC0-301F-11D3-BF4B-00C04F79EFBC}") = "Tests", "CBS-ExternalCardTransferPush\src\Tests\Tests.csproj", "{166698CB-51CD-450E-A2B7-617793EBFF50}"
EndProject
Project("{2150E333-8FDC-42A3-9474-1A3956D46DE8}") = "CBS-Transfers-ExternalCardTransferPull", "CBS-Transfers-ExternalCardTransferPull", "{149CB3ED-9343-4B03-8000-378DC08AF331}"
EndProject
Project("{2150E333-8FDC-42A3-9474-1A3956D46DE8}") = "src", "src", "{46638CFE-1C16-4377-8DB8-FD1DE0AA69AD}"
EndProject
Project("{FAE04EC0-301F-11D3-BF4B-00C04F79EFBC}") = "ExternalCardTransferPull", "CBS-Transfers-ExternalCardTransferPull\src\ExternalCardTransferPull\ExternalCardTransferPull.csproj", "{65C225BD-1970-4842-A292-0DFE062521D5}"
EndProject
Project("{FAE04EC0-301F-11D3-BF4B-00C04F79EFBC}") = "Tests", "CBS-Transfers-ExternalCardTransferPull\src\Tests\Tests.csproj", "{39597BF6-1FB1-4039-A030-C737939A963E}"
EndProject
Project("{2150E333-8FDC-42A3-9474-1A3956D46DE8}") = "CBS-MoneyMovement-FiservTcpService", "CBS-MoneyMovement-FiservTcpService", "{90E0AE9E-F200-4DAB-AE45-DB63CDE51E57}"
EndProject
Project("{2150E333-8FDC-42A3-9474-1A3956D46DE8}") = "src", "src", "{73912A12-081F-42B1-844C-24F945B8225B}"
EndProject
Project("{FAE04EC0-301F-11D3-BF4B-00C04F79EFBC}") = "FiservTcpService", "CBS-MoneyMovement-FiservTcpService\src\FiservTcpService\FiservTcpService.csproj", "{14DA89DD-8632-44D2-8E84-23E6A6D06A2A}"
EndProject
Project("{FAE04EC0-301F-11D3-BF4B-00C04F79EFBC}") = "Tests", "CBS-MoneyMovement-FiservTcpService\src\Tests\Tests.csproj", "{EC51117A-F681-47D9-8156-A550AD8097C8}"
EndProject
Project("{2150E333-8FDC-42A3-9474-1A3956D46DE8}") = "Common-Gd.Bos.Logging.Common", "Common-Gd.Bos.Logging.Common", "{E6D98F68-B9C5-4441-9317-2F27304B55C6}"
EndProject
Project("{FAE04EC0-301F-11D3-BF4B-00C04F79EFBC}") = "Gd.Bos.Logging.Common", "Common-Gd.Bos.Logging.Common\Gd.Bos.Logging.Common\Gd.Bos.Logging.Common.csproj", "{6CDCA963-0429-4630-8803-1267E281B814}"
EndProject
Project("{FAE04EC0-301F-11D3-BF4B-00C04F79EFBC}") = "Tests", "Common-Gd.Bos.Logging.Common\Tests\Tests.csproj", "{FF5E4D14-F367-4B7C-98E1-1542EC44F5F6}"
EndProject
Project("{2150E333-8FDC-42A3-9474-1A3956D46DE8}") = "Common-Gd.Cbs.FiservTcpClient.Common", "Common-Gd.Cbs.FiservTcpClient.Common", "{CAAB9A8C-2B83-400B-BE53-F9B7B2EDD06A}"
EndProject
Project("{2150E333-8FDC-42A3-9474-1A3956D46DE8}") = "src", "src", "{595C3997-3A70-4FE6-ACB0-3F8239C526BB}"
EndProject
Project("{FAE04EC0-301F-11D3-BF4B-00C04F79EFBC}") = "Gd.Cbs.FiservTcpClient.Common", "Common-Gd.Cbs.FiservTcpClient.Common\src\Gd.Cbs.FiservTcpClient.Common\Gd.Cbs.FiservTcpClient.Common.csproj", "{6E42702E-875A-4165-92B3-D73A4048FDE1}"
EndProject
Project("{FAE04EC0-301F-11D3-BF4B-00C04F79EFBC}") = "Tests", "Common-Gd.Cbs.FiservTcpClient.Common\src\Tests\Tests.csproj", "{AD5E19ED-7E36-4975-8F23-D07872753087}"
EndProject
Project("{2150E333-8FDC-42A3-9474-1A3956D46DE8}") = "Common-Gdot.GFT.Common", "Common-Gdot.GFT.Common", "{C90FAE01-E978-4DA7-B69E-6F984A54512F}"
EndProject
Project("{FAE04EC0-301F-11D3-BF4B-00C04F79EFBC}") = "Gdot.GFT.Common", "Common-Gdot.GFT.Common\Gdot.GFT.Common\Gdot.GFT.Common.csproj", "{9246EADC-073C-44E4-AD50-0D3313A7D224}"
EndProject
Project("{FAE04EC0-301F-11D3-BF4B-00C04F79EFBC}") = "Tests", "Common-Gdot.GFT.Common\Tests\Tests.csproj", "{B22EAED5-B30F-4596-8782-45406B5C8E08}"
EndProject
Project("{2150E333-8FDC-42A3-9474-1A3956D46DE8}") = "GBOS-COM-ContactVerification", "GBOS-COM-ContactVerification", "{F68579D1-CBFE-463B-A91E-D9F8473B34B3}"
EndProject
Project("{2150E333-8FDC-42A3-9474-1A3956D46DE8}") = "src", "src", "{9ECEA4D3-DBEA-4CBE-9AEC-EAEF586187B2}"
EndProject
Project("{FAE04EC0-301F-11D3-BF4B-00C04F79EFBC}") = "ContactVerification", "GBOS-COM-ContactVerification\src\ContactVerification\ContactVerification.csproj", "{1DE08499-AABD-491E-8ECD-97CD520882BC}"
EndProject
Project("{FAE04EC0-301F-11D3-BF4B-00C04F79EFBC}") = "Tests", "GBOS-COM-ContactVerification\src\Tests\Tests.csproj", "{95075762-5F0A-4248-B25B-15FDB24AC444}"
EndProject
Project("{FAE04EC0-301F-11D3-BF4B-00C04F79EFBC}") = "ContactVerification.Model", "GBOS-COM-ContactVerification\src\ContactVerification.Model\ContactVerification.Model.csproj", "{5092C858-ECE1-454E-9E3D-B00286B1034E}"
EndProject
Project("{FAE04EC0-301F-11D3-BF4B-00C04F79EFBC}") = "ContactVerification.Provider", "GBOS-COM-ContactVerification\src\ContactVerification.Provider\ContactVerification.Provider.csproj", "{991723C6-D57F-48E0-8EB6-361B91AF93C6}"
EndProject
Project("{FAE04EC0-301F-11D3-BF4B-00C04F79EFBC}") = "ContactVerification.Repository", "GBOS-COM-ContactVerification\src\ContactVerification.Repository\ContactVerification.Repository.csproj", "{36CFAAE8-89BD-40AE-9AF8-14C584D24EC8}"
EndProject
Project("{2150E333-8FDC-42A3-9474-1A3956D46DE8}") = "CBS-AKS-SingleCommitOrchestrator", "CBS-AKS-SingleCommitOrchestrator", "{E3880BA6-CED9-4A96-8A73-EBB05FC099CA}"
EndProject
Project("{2150E333-8FDC-42A3-9474-1A3956D46DE8}") = "src", "src", "{B8F82F6E-207D-49A3-A7D5-2905D6DE040A}"
EndProject
Project("{FAE04EC0-301F-11D3-BF4B-00C04F79EFBC}") = "SingleCommitOrchestrator", "CBS-AKS-SingleCommitOrchestrator\src\SingleCommitOrchestrator\SingleCommitOrchestrator.csproj", "{F744F3CD-0992-416C-8F1A-28DBC131C99F}"
EndProject
Project("{FAE04EC0-301F-11D3-BF4B-00C04F79EFBC}") = "Tests", "CBS-AKS-SingleCommitOrchestrator\src\Tests\Tests.csproj", "{E807BAD0-449F-4851-A76C-2BCA8CD6D3F7}"
EndProject
Project("{2150E333-8FDC-42A3-9474-1A3956D46DE8}") = "Common-Gd.Cbs.StoreAndForward.Common", "Common-Gd.Cbs.StoreAndForward.Common", "{1E6EFB24-2EE7-4794-A591-C326BE7B06C0}"
EndProject
Project("{FAE04EC0-301F-11D3-BF4B-00C04F79EFBC}") = "Gd.Cbs.StoreAndForward.Common", "Common-Gd.Cbs.StoreAndForward.Common\Gd.Cbs.StoreAndForward.Common\Gd.Cbs.StoreAndForward.Common.csproj", "{9A0782A9-7281-4892-A8FF-701E8CA78F9D}"
EndProject
Project("{FAE04EC0-301F-11D3-BF4B-00C04F79EFBC}") = "Tests", "Common-Gd.Cbs.StoreAndForward.Common\Tests\Tests.csproj", "{99E59AD5-D29E-4F9D-8DC6-AA8886EEDCD9}"
EndProject
Project("{2150E333-8FDC-42A3-9474-1A3956D46DE8}") = "GBOS-COM-CBSProcessorManager", "GBOS-COM-CBSProcessorManager", "{7547876F-B349-406D-B56A-4BC1C0D114CB}"
EndProject
Project("{2150E333-8FDC-42A3-9474-1A3956D46DE8}") = "src", "src", "{735911C2-6CA1-46F0-9566-46F29846F898}"
EndProject
Project("{FAE04EC0-301F-11D3-BF4B-00C04F79EFBC}") = "CBSProcessorManager", "GBOS-COM-CBSProcessorManager\src\CBSProcessorManager\CBSProcessorManager.csproj", "{CEBDE843-CBB9-4C4D-8E15-1F83713A9D52}"
EndProject
Project("{FAE04EC0-301F-11D3-BF4B-00C04F79EFBC}") = "CBSProcessorManager.Common", "GBOS-COM-CBSProcessorManager\src\CBSProcessorManager.Common\CBSProcessorManager.Common.csproj", "{EE6B1371-DABE-4FAE-B183-D0DFD1ADE877}"
EndProject
Project("{FAE04EC0-301F-11D3-BF4B-00C04F79EFBC}") = "CBSProcessorManager.Data", "GBOS-COM-CBSProcessorManager\src\CBSProcessorManager.Data\CBSProcessorManager.Data.csproj", "{DFA51AE2-95FD-4FEA-83F0-0F389FDD3103}"
EndProject
Project("{FAE04EC0-301F-11D3-BF4B-00C04F79EFBC}") = "CBSProcessorManager.DcppCbsProxy", "GBOS-COM-CBSProcessorManager\src\CBSProcessorManager.DcppCbsProxy\CBSProcessorManager.DcppCbsProxy.csproj", "{698C4496-E368-4796-9B7C-68F9507A43F8}"
EndProject
Project("{FAE04EC0-301F-11D3-BF4B-00C04F79EFBC}") = "CBSProcessorManager.Logic", "GBOS-COM-CBSProcessorManager\src\CBSProcessorManager.Logic\CBSProcessorManager.Logic.csproj", "{B7567622-33E1-4262-97FC-7DCAB7CE6D11}"
EndProject
Project("{FAE04EC0-301F-11D3-BF4B-00C04F79EFBC}") = "CBSProcessorManager.Model", "GBOS-COM-CBSProcessorManager\src\CBSProcessorManager.Model\CBSProcessorManager.Model.csproj", "{FEBF7A91-8F1A-4C7F-9F34-06084747B21C}"
EndProject
Project("{FAE04EC0-301F-11D3-BF4B-00C04F79EFBC}") = "CBSProcessorManager.Proxy", "GBOS-COM-CBSProcessorManager\src\CBSProcessorManager.Proxy\CBSProcessorManager.Proxy.csproj", "{D2D1A7BA-84C4-4B70-B8F8-F06F5BDCB670}"
EndProject
Project("{FAE04EC0-301F-11D3-BF4B-00C04F79EFBC}") = "Tests", "GBOS-COM-CBSProcessorManager\src\Tests\Tests.csproj", "{CDA8FCBB-1399-4572-B92C-BD47F9B08DAC}"
EndProject
Project("{2150E333-8FDC-42A3-9474-1A3956D46DE8}") = "CBS-AKS-InterfaceManagerFunctionApp", "CBS-AKS-InterfaceManagerFunctionApp", "{E498417F-C679-4034-B91F-AB82C2677A7E}"
EndProject
Project("{2150E333-8FDC-42A3-9474-1A3956D46DE8}") = "src", "src", "{CC4BFF00-5342-40CA-9386-5DC3FA3617F5}"
EndProject
Project("{FAE04EC0-301F-11D3-BF4B-00C04F79EFBC}") = "InterfaceManagerFunctionApp", "CBS-AKS-InterfaceManagerFunctionApp\src\InterfaceManagerFunctionApp\InterfaceManagerFunctionApp.csproj", "{C01D3507-6302-4657-BBAD-1CBA35CF5DC5}"
EndProject
Project("{FAE04EC0-301F-11D3-BF4B-00C04F79EFBC}") = "InterfaceManager.Logic", "CBS-AKS-InterfaceManagerFunctionApp\src\InterfaceManager.Logic\InterfaceManager.Logic.csproj", "{E3DEB8BA-56CE-4B9B-B849-60F6D192DA56}"
EndProject
Project("{FAE04EC0-301F-11D3-BF4B-00C04F79EFBC}") = "InterfaceManagerFunctionApp.Tests", "CBS-AKS-InterfaceManagerFunctionApp\src\InterfaceManagerFunctionApp.Tests\InterfaceManagerFunctionApp.Tests.csproj", "{024E23D4-11D1-45E7-864E-5E516FCC6612}"
EndProject
Project("{2150E333-8FDC-42A3-9474-1A3956D46DE8}") = "CBS-AKS-QueueProcessor", "CBS-AKS-QueueProcessor", "{DDB4BA8C-15EF-4559-BECB-5BC701D3FD58}"
EndProject
Project("{2150E333-8FDC-42A3-9474-1A3956D46DE8}") = "src", "src", "{FBBAFE6F-7287-4F21-A48A-79FC99DCDBD2}"
EndProject
Project("{FAE04EC0-301F-11D3-BF4B-00C04F79EFBC}") = "QueueProcessor", "CBS-AKS-QueueProcessor\src\QueueProcessor\QueueProcessor.csproj", "{AC259948-FE83-451D-81D2-526E8D6CFEFD}"
EndProject
Project("{FAE04EC0-301F-11D3-BF4B-00C04F79EFBC}") = "Tests", "CBS-AKS-QueueProcessor\src\Tests\Tests.csproj", "{0B783812-AFEB-42CC-94D1-09FAD02B50A3}"
EndProject
Global
	GlobalSection(SolutionConfigurationPlatforms) = preSolution
		Debug|Any CPU = Debug|Any CPU
		Release|Any CPU = Release|Any CPU
	EndGlobalSection
	GlobalSection(SolutionProperties) = preSolution
		HideSolutionNode = FALSE
	EndGlobalSection
	GlobalSection(ProjectConfigurationPlatforms) = postSolution
		{2A060FC7-6486-4BD0-8980-752BA043AAC4}.Debug|Any CPU.ActiveCfg = Debug|Any CPU
		{2A060FC7-6486-4BD0-8980-752BA043AAC4}.Debug|Any CPU.Build.0 = Debug|Any CPU
		{2A060FC7-6486-4BD0-8980-752BA043AAC4}.Release|Any CPU.ActiveCfg = Release|Any CPU
		{2A060FC7-6486-4BD0-8980-752BA043AAC4}.Release|Any CPU.Build.0 = Release|Any CPU
		{AB9E44B8-C6AC-4F44-AFFF-4B376CE147F7}.Debug|Any CPU.ActiveCfg = Debug|Any CPU
		{AB9E44B8-C6AC-4F44-AFFF-4B376CE147F7}.Debug|Any CPU.Build.0 = Debug|Any CPU
		{AB9E44B8-C6AC-4F44-AFFF-4B376CE147F7}.Release|Any CPU.ActiveCfg = Release|Any CPU
		{AB9E44B8-C6AC-4F44-AFFF-4B376CE147F7}.Release|Any CPU.Build.0 = Release|Any CPU
		{E43CAD1C-B8CA-4070-A77B-30043389E480}.Debug|Any CPU.ActiveCfg = Debug|Any CPU
		{E43CAD1C-B8CA-4070-A77B-30043389E480}.Debug|Any CPU.Build.0 = Debug|Any CPU
		{E43CAD1C-B8CA-4070-A77B-30043389E480}.Release|Any CPU.ActiveCfg = Release|Any CPU
		{E43CAD1C-B8CA-4070-A77B-30043389E480}.Release|Any CPU.Build.0 = Release|Any CPU
		{A6D330A9-9747-4B56-B487-1F5F44C6CB3F}.Debug|Any CPU.ActiveCfg = Debug|Any CPU
		{A6D330A9-9747-4B56-B487-1F5F44C6CB3F}.Debug|Any CPU.Build.0 = Debug|Any CPU
		{A6D330A9-9747-4B56-B487-1F5F44C6CB3F}.Release|Any CPU.ActiveCfg = Release|Any CPU
		{A6D330A9-9747-4B56-B487-1F5F44C6CB3F}.Release|Any CPU.Build.0 = Release|Any CPU
		{65860481-DA64-4DA4-A299-BCA150FDEAF2}.Debug|Any CPU.ActiveCfg = Debug|Any CPU
		{65860481-DA64-4DA4-A299-BCA150FDEAF2}.Debug|Any CPU.Build.0 = Debug|Any CPU
		{65860481-DA64-4DA4-A299-BCA150FDEAF2}.Release|Any CPU.ActiveCfg = Release|Any CPU
		{65860481-DA64-4DA4-A299-BCA150FDEAF2}.Release|Any CPU.Build.0 = Release|Any CPU
		{ACB3BB3A-11B7-495A-ADA6-16ABC91C4100}.Debug|Any CPU.ActiveCfg = Debug|Any CPU
		{ACB3BB3A-11B7-495A-ADA6-16ABC91C4100}.Debug|Any CPU.Build.0 = Debug|Any CPU
		{ACB3BB3A-11B7-495A-ADA6-16ABC91C4100}.Release|Any CPU.ActiveCfg = Release|Any CPU
		{ACB3BB3A-11B7-495A-ADA6-16ABC91C4100}.Release|Any CPU.Build.0 = Release|Any CPU
		{B0F45527-248A-456A-A8C6-E1F83F2E20B1}.Debug|Any CPU.ActiveCfg = Debug|Any CPU
		{B0F45527-248A-456A-A8C6-E1F83F2E20B1}.Debug|Any CPU.Build.0 = Debug|Any CPU
		{B0F45527-248A-456A-A8C6-E1F83F2E20B1}.Release|Any CPU.ActiveCfg = Release|Any CPU
		{B0F45527-248A-456A-A8C6-E1F83F2E20B1}.Release|Any CPU.Build.0 = Release|Any CPU
		{166698CB-51CD-450E-A2B7-617793EBFF50}.Debug|Any CPU.ActiveCfg = Debug|Any CPU
		{166698CB-51CD-450E-A2B7-617793EBFF50}.Debug|Any CPU.Build.0 = Debug|Any CPU
		{166698CB-51CD-450E-A2B7-617793EBFF50}.Release|Any CPU.ActiveCfg = Release|Any CPU
		{166698CB-51CD-450E-A2B7-617793EBFF50}.Release|Any CPU.Build.0 = Release|Any CPU
		{65C225BD-1970-4842-A292-0DFE062521D5}.Debug|Any CPU.ActiveCfg = Debug|Any CPU
		{65C225BD-1970-4842-A292-0DFE062521D5}.Debug|Any CPU.Build.0 = Debug|Any CPU
		{65C225BD-1970-4842-A292-0DFE062521D5}.Release|Any CPU.ActiveCfg = Release|Any CPU
		{65C225BD-1970-4842-A292-0DFE062521D5}.Release|Any CPU.Build.0 = Release|Any CPU
		{39597BF6-1FB1-4039-A030-C737939A963E}.Debug|Any CPU.ActiveCfg = Debug|Any CPU
		{39597BF6-1FB1-4039-A030-C737939A963E}.Debug|Any CPU.Build.0 = Debug|Any CPU
		{39597BF6-1FB1-4039-A030-C737939A963E}.Release|Any CPU.ActiveCfg = Release|Any CPU
		{39597BF6-1FB1-4039-A030-C737939A963E}.Release|Any CPU.Build.0 = Release|Any CPU
		{14DA89DD-8632-44D2-8E84-23E6A6D06A2A}.Debug|Any CPU.ActiveCfg = Debug|Any CPU
		{14DA89DD-8632-44D2-8E84-23E6A6D06A2A}.Debug|Any CPU.Build.0 = Debug|Any CPU
		{14DA89DD-8632-44D2-8E84-23E6A6D06A2A}.Release|Any CPU.ActiveCfg = Release|Any CPU
		{14DA89DD-8632-44D2-8E84-23E6A6D06A2A}.Release|Any CPU.Build.0 = Release|Any CPU
		{EC51117A-F681-47D9-8156-A550AD8097C8}.Debug|Any CPU.ActiveCfg = Debug|Any CPU
		{EC51117A-F681-47D9-8156-A550AD8097C8}.Debug|Any CPU.Build.0 = Debug|Any CPU
		{EC51117A-F681-47D9-8156-A550AD8097C8}.Release|Any CPU.ActiveCfg = Release|Any CPU
		{EC51117A-F681-47D9-8156-A550AD8097C8}.Release|Any CPU.Build.0 = Release|Any CPU
		{6CDCA963-0429-4630-8803-1267E281B814}.Debug|Any CPU.ActiveCfg = Debug|Any CPU
		{6CDCA963-0429-4630-8803-1267E281B814}.Debug|Any CPU.Build.0 = Debug|Any CPU
		{6CDCA963-0429-4630-8803-1267E281B814}.Release|Any CPU.ActiveCfg = Release|Any CPU
		{6CDCA963-0429-4630-8803-1267E281B814}.Release|Any CPU.Build.0 = Release|Any CPU
		{FF5E4D14-F367-4B7C-98E1-1542EC44F5F6}.Debug|Any CPU.ActiveCfg = Debug|Any CPU
		{FF5E4D14-F367-4B7C-98E1-1542EC44F5F6}.Debug|Any CPU.Build.0 = Debug|Any CPU
		{FF5E4D14-F367-4B7C-98E1-1542EC44F5F6}.Release|Any CPU.ActiveCfg = Release|Any CPU
		{FF5E4D14-F367-4B7C-98E1-1542EC44F5F6}.Release|Any CPU.Build.0 = Release|Any CPU
		{6E42702E-875A-4165-92B3-D73A4048FDE1}.Debug|Any CPU.ActiveCfg = Debug|Any CPU
		{6E42702E-875A-4165-92B3-D73A4048FDE1}.Debug|Any CPU.Build.0 = Debug|Any CPU
		{6E42702E-875A-4165-92B3-D73A4048FDE1}.Release|Any CPU.ActiveCfg = Release|Any CPU
		{6E42702E-875A-4165-92B3-D73A4048FDE1}.Release|Any CPU.Build.0 = Release|Any CPU
		{AD5E19ED-7E36-4975-8F23-D07872753087}.Debug|Any CPU.ActiveCfg = Debug|Any CPU
		{AD5E19ED-7E36-4975-8F23-D07872753087}.Debug|Any CPU.Build.0 = Debug|Any CPU
		{AD5E19ED-7E36-4975-8F23-D07872753087}.Release|Any CPU.ActiveCfg = Release|Any CPU
		{AD5E19ED-7E36-4975-8F23-D07872753087}.Release|Any CPU.Build.0 = Release|Any CPU
		{9246EADC-073C-44E4-AD50-0D3313A7D224}.Debug|Any CPU.ActiveCfg = Debug|Any CPU
		{9246EADC-073C-44E4-AD50-0D3313A7D224}.Debug|Any CPU.Build.0 = Debug|Any CPU
		{9246EADC-073C-44E4-AD50-0D3313A7D224}.Release|Any CPU.ActiveCfg = Release|Any CPU
		{9246EADC-073C-44E4-AD50-0D3313A7D224}.Release|Any CPU.Build.0 = Release|Any CPU
		{B22EAED5-B30F-4596-8782-45406B5C8E08}.Debug|Any CPU.ActiveCfg = Debug|Any CPU
		{B22EAED5-B30F-4596-8782-45406B5C8E08}.Debug|Any CPU.Build.0 = Debug|Any CPU
		{B22EAED5-B30F-4596-8782-45406B5C8E08}.Release|Any CPU.ActiveCfg = Release|Any CPU
		{B22EAED5-B30F-4596-8782-45406B5C8E08}.Release|Any CPU.Build.0 = Release|Any CPU
		{1DE08499-AABD-491E-8ECD-97CD520882BC}.Debug|Any CPU.ActiveCfg = Debug|Any CPU
		{1DE08499-AABD-491E-8ECD-97CD520882BC}.Debug|Any CPU.Build.0 = Debug|Any CPU
		{1DE08499-AABD-491E-8ECD-97CD520882BC}.Release|Any CPU.ActiveCfg = Release|Any CPU
		{1DE08499-AABD-491E-8ECD-97CD520882BC}.Release|Any CPU.Build.0 = Release|Any CPU
		{95075762-5F0A-4248-B25B-15FDB24AC444}.Debug|Any CPU.ActiveCfg = Debug|Any CPU
		{95075762-5F0A-4248-B25B-15FDB24AC444}.Debug|Any CPU.Build.0 = Debug|Any CPU
		{95075762-5F0A-4248-B25B-15FDB24AC444}.Release|Any CPU.ActiveCfg = Release|Any CPU
		{95075762-5F0A-4248-B25B-15FDB24AC444}.Release|Any CPU.Build.0 = Release|Any CPU
		{5092C858-ECE1-454E-9E3D-B00286B1034E}.Debug|Any CPU.ActiveCfg = Debug|Any CPU
		{5092C858-ECE1-454E-9E3D-B00286B1034E}.Debug|Any CPU.Build.0 = Debug|Any CPU
		{5092C858-ECE1-454E-9E3D-B00286B1034E}.Release|Any CPU.ActiveCfg = Release|Any CPU
		{5092C858-ECE1-454E-9E3D-B00286B1034E}.Release|Any CPU.Build.0 = Release|Any CPU
		{991723C6-D57F-48E0-8EB6-361B91AF93C6}.Debug|Any CPU.ActiveCfg = Debug|Any CPU
		{991723C6-D57F-48E0-8EB6-361B91AF93C6}.Debug|Any CPU.Build.0 = Debug|Any CPU
		{991723C6-D57F-48E0-8EB6-361B91AF93C6}.Release|Any CPU.ActiveCfg = Release|Any CPU
		{991723C6-D57F-48E0-8EB6-361B91AF93C6}.Release|Any CPU.Build.0 = Release|Any CPU
		{36CFAAE8-89BD-40AE-9AF8-14C584D24EC8}.Debug|Any CPU.ActiveCfg = Debug|Any CPU
		{36CFAAE8-89BD-40AE-9AF8-14C584D24EC8}.Debug|Any CPU.Build.0 = Debug|Any CPU
		{36CFAAE8-89BD-40AE-9AF8-14C584D24EC8}.Release|Any CPU.ActiveCfg = Release|Any CPU
		{36CFAAE8-89BD-40AE-9AF8-14C584D24EC8}.Release|Any CPU.Build.0 = Release|Any CPU
		{F744F3CD-0992-416C-8F1A-28DBC131C99F}.Debug|Any CPU.ActiveCfg = Debug|Any CPU
		{F744F3CD-0992-416C-8F1A-28DBC131C99F}.Debug|Any CPU.Build.0 = Debug|Any CPU
		{F744F3CD-0992-416C-8F1A-28DBC131C99F}.Release|Any CPU.ActiveCfg = Release|Any CPU
		{F744F3CD-0992-416C-8F1A-28DBC131C99F}.Release|Any CPU.Build.0 = Release|Any CPU
		{E807BAD0-449F-4851-A76C-2BCA8CD6D3F7}.Debug|Any CPU.ActiveCfg = Debug|Any CPU
		{E807BAD0-449F-4851-A76C-2BCA8CD6D3F7}.Debug|Any CPU.Build.0 = Debug|Any CPU
		{E807BAD0-449F-4851-A76C-2BCA8CD6D3F7}.Release|Any CPU.ActiveCfg = Release|Any CPU
		{E807BAD0-449F-4851-A76C-2BCA8CD6D3F7}.Release|Any CPU.Build.0 = Release|Any CPU
		{9A0782A9-7281-4892-A8FF-701E8CA78F9D}.Debug|Any CPU.ActiveCfg = Debug|Any CPU
		{9A0782A9-7281-4892-A8FF-701E8CA78F9D}.Debug|Any CPU.Build.0 = Debug|Any CPU
		{9A0782A9-7281-4892-A8FF-701E8CA78F9D}.Release|Any CPU.ActiveCfg = Release|Any CPU
		{9A0782A9-7281-4892-A8FF-701E8CA78F9D}.Release|Any CPU.Build.0 = Release|Any CPU
		{99E59AD5-D29E-4F9D-8DC6-AA8886EEDCD9}.Debug|Any CPU.ActiveCfg = Debug|Any CPU
		{99E59AD5-D29E-4F9D-8DC6-AA8886EEDCD9}.Debug|Any CPU.Build.0 = Debug|Any CPU
		{99E59AD5-D29E-4F9D-8DC6-AA8886EEDCD9}.Release|Any CPU.ActiveCfg = Release|Any CPU
		{99E59AD5-D29E-4F9D-8DC6-AA8886EEDCD9}.Release|Any CPU.Build.0 = Release|Any CPU
		{CEBDE843-CBB9-4C4D-8E15-1F83713A9D52}.Debug|Any CPU.ActiveCfg = Debug|Any CPU
		{CEBDE843-CBB9-4C4D-8E15-1F83713A9D52}.Debug|Any CPU.Build.0 = Debug|Any CPU
		{CEBDE843-CBB9-4C4D-8E15-1F83713A9D52}.Release|Any CPU.ActiveCfg = Release|Any CPU
		{CEBDE843-CBB9-4C4D-8E15-1F83713A9D52}.Release|Any CPU.Build.0 = Release|Any CPU
		{EE6B1371-DABE-4FAE-B183-D0DFD1ADE877}.Debug|Any CPU.ActiveCfg = Debug|Any CPU
		{EE6B1371-DABE-4FAE-B183-D0DFD1ADE877}.Debug|Any CPU.Build.0 = Debug|Any CPU
		{EE6B1371-DABE-4FAE-B183-D0DFD1ADE877}.Release|Any CPU.ActiveCfg = Release|Any CPU
		{EE6B1371-DABE-4FAE-B183-D0DFD1ADE877}.Release|Any CPU.Build.0 = Release|Any CPU
		{DFA51AE2-95FD-4FEA-83F0-0F389FDD3103}.Debug|Any CPU.ActiveCfg = Debug|Any CPU
		{DFA51AE2-95FD-4FEA-83F0-0F389FDD3103}.Debug|Any CPU.Build.0 = Debug|Any CPU
		{DFA51AE2-95FD-4FEA-83F0-0F389FDD3103}.Release|Any CPU.ActiveCfg = Release|Any CPU
		{DFA51AE2-95FD-4FEA-83F0-0F389FDD3103}.Release|Any CPU.Build.0 = Release|Any CPU
		{698C4496-E368-4796-9B7C-68F9507A43F8}.Debug|Any CPU.ActiveCfg = Debug|Any CPU
		{698C4496-E368-4796-9B7C-68F9507A43F8}.Debug|Any CPU.Build.0 = Debug|Any CPU
		{698C4496-E368-4796-9B7C-68F9507A43F8}.Release|Any CPU.ActiveCfg = Release|Any CPU
		{698C4496-E368-4796-9B7C-68F9507A43F8}.Release|Any CPU.Build.0 = Release|Any CPU
		{B7567622-33E1-4262-97FC-7DCAB7CE6D11}.Debug|Any CPU.ActiveCfg = Debug|Any CPU
		{B7567622-33E1-4262-97FC-7DCAB7CE6D11}.Debug|Any CPU.Build.0 = Debug|Any CPU
		{B7567622-33E1-4262-97FC-7DCAB7CE6D11}.Release|Any CPU.ActiveCfg = Release|Any CPU
		{B7567622-33E1-4262-97FC-7DCAB7CE6D11}.Release|Any CPU.Build.0 = Release|Any CPU
		{FEBF7A91-8F1A-4C7F-9F34-06084747B21C}.Debug|Any CPU.ActiveCfg = Debug|Any CPU
		{FEBF7A91-8F1A-4C7F-9F34-06084747B21C}.Debug|Any CPU.Build.0 = Debug|Any CPU
		{FEBF7A91-8F1A-4C7F-9F34-06084747B21C}.Release|Any CPU.ActiveCfg = Release|Any CPU
		{FEBF7A91-8F1A-4C7F-9F34-06084747B21C}.Release|Any CPU.Build.0 = Release|Any CPU
		{D2D1A7BA-84C4-4B70-B8F8-F06F5BDCB670}.Debug|Any CPU.ActiveCfg = Debug|Any CPU
		{D2D1A7BA-84C4-4B70-B8F8-F06F5BDCB670}.Debug|Any CPU.Build.0 = Debug|Any CPU
		{D2D1A7BA-84C4-4B70-B8F8-F06F5BDCB670}.Release|Any CPU.ActiveCfg = Release|Any CPU
		{D2D1A7BA-84C4-4B70-B8F8-F06F5BDCB670}.Release|Any CPU.Build.0 = Release|Any CPU
		{CDA8FCBB-1399-4572-B92C-BD47F9B08DAC}.Debug|Any CPU.ActiveCfg = Debug|Any CPU
		{CDA8FCBB-1399-4572-B92C-BD47F9B08DAC}.Debug|Any CPU.Build.0 = Debug|Any CPU
		{CDA8FCBB-1399-4572-B92C-BD47F9B08DAC}.Release|Any CPU.ActiveCfg = Release|Any CPU
		{CDA8FCBB-1399-4572-B92C-BD47F9B08DAC}.Release|Any CPU.Build.0 = Release|Any CPU
		{C01D3507-6302-4657-BBAD-1CBA35CF5DC5}.Debug|Any CPU.ActiveCfg = Debug|Any CPU
		{C01D3507-6302-4657-BBAD-1CBA35CF5DC5}.Debug|Any CPU.Build.0 = Debug|Any CPU
		{C01D3507-6302-4657-BBAD-1CBA35CF5DC5}.Release|Any CPU.ActiveCfg = Release|Any CPU
		{C01D3507-6302-4657-BBAD-1CBA35CF5DC5}.Release|Any CPU.Build.0 = Release|Any CPU
		{E3DEB8BA-56CE-4B9B-B849-60F6D192DA56}.Debug|Any CPU.ActiveCfg = Debug|Any CPU
		{E3DEB8BA-56CE-4B9B-B849-60F6D192DA56}.Debug|Any CPU.Build.0 = Debug|Any CPU
		{E3DEB8BA-56CE-4B9B-B849-60F6D192DA56}.Release|Any CPU.ActiveCfg = Release|Any CPU
		{E3DEB8BA-56CE-4B9B-B849-60F6D192DA56}.Release|Any CPU.Build.0 = Release|Any CPU
		{024E23D4-11D1-45E7-864E-5E516FCC6612}.Debug|Any CPU.ActiveCfg = Debug|Any CPU
		{024E23D4-11D1-45E7-864E-5E516FCC6612}.Debug|Any CPU.Build.0 = Debug|Any CPU
		{024E23D4-11D1-45E7-864E-5E516FCC6612}.Release|Any CPU.ActiveCfg = Release|Any CPU
		{024E23D4-11D1-45E7-864E-5E516FCC6612}.Release|Any CPU.Build.0 = Release|Any CPU
		{AC259948-FE83-451D-81D2-526E8D6CFEFD}.Debug|Any CPU.ActiveCfg = Debug|Any CPU
		{AC259948-FE83-451D-81D2-526E8D6CFEFD}.Debug|Any CPU.Build.0 = Debug|Any CPU
		{AC259948-FE83-451D-81D2-526E8D6CFEFD}.Release|Any CPU.ActiveCfg = Release|Any CPU
		{AC259948-FE83-451D-81D2-526E8D6CFEFD}.Release|Any CPU.Build.0 = Release|Any CPU
		{0B783812-AFEB-42CC-94D1-09FAD02B50A3}.Debug|Any CPU.ActiveCfg = Debug|Any CPU
		{0B783812-AFEB-42CC-94D1-09FAD02B50A3}.Debug|Any CPU.Build.0 = Debug|Any CPU
		{0B783812-AFEB-42CC-94D1-09FAD02B50A3}.Release|Any CPU.ActiveCfg = Release|Any CPU
		{0B783812-AFEB-42CC-94D1-09FAD02B50A3}.Release|Any CPU.Build.0 = Release|Any CPU
	EndGlobalSection
	GlobalSection(NestedProjects) = preSolution
		{2FDDA759-B30F-4BC4-9995-CA96B84A63F0} = {CA1F3989-F02B-4573-91E8-02E48EA97F35}
		{2A060FC7-6486-4BD0-8980-752BA043AAC4} = {2FDDA759-B30F-4BC4-9995-CA96B84A63F0}
		{AB9E44B8-C6AC-4F44-AFFF-4B376CE147F7} = {2FDDA759-B30F-4BC4-9995-CA96B84A63F0}
		{AA9F803F-1B4A-47D2-A8CC-CB5FB97608FA} = {3CBEC704-9827-4B08-A659-8A8CC4F8A7AE}
		{E43CAD1C-B8CA-4070-A77B-30043389E480} = {AA9F803F-1B4A-47D2-A8CC-CB5FB97608FA}
		{A6D330A9-9747-4B56-B487-1F5F44C6CB3F} = {AA9F803F-1B4A-47D2-A8CC-CB5FB97608FA}
		{C0E07AED-BAB3-4E67-B3A5-BB22AEEA6BA0} = {CF330DA1-65A6-4E54-963D-5251919C85FB}
		{65860481-DA64-4DA4-A299-BCA150FDEAF2} = {C0E07AED-BAB3-4E67-B3A5-BB22AEEA6BA0}
		{ACB3BB3A-11B7-495A-ADA6-16ABC91C4100} = {C0E07AED-BAB3-4E67-B3A5-BB22AEEA6BA0}
		{3C527A6E-1C1F-4044-AFC3-B01E7D0C41F4} = {90DB1D21-3C6F-4940-962C-52DB766E561B}
		{B0F45527-248A-456A-A8C6-E1F83F2E20B1} = {3C527A6E-1C1F-4044-AFC3-B01E7D0C41F4}
		{166698CB-51CD-450E-A2B7-617793EBFF50} = {3C527A6E-1C1F-4044-AFC3-B01E7D0C41F4}
		{46638CFE-1C16-4377-8DB8-FD1DE0AA69AD} = {149CB3ED-9343-4B03-8000-378DC08AF331}
		{65C225BD-1970-4842-A292-0DFE062521D5} = {46638CFE-1C16-4377-8DB8-FD1DE0AA69AD}
		{39597BF6-1FB1-4039-A030-C737939A963E} = {46638CFE-1C16-4377-8DB8-FD1DE0AA69AD}
		{73912A12-081F-42B1-844C-24F945B8225B} = {90E0AE9E-F200-4DAB-AE45-DB63CDE51E57}
		{14DA89DD-8632-44D2-8E84-23E6A6D06A2A} = {73912A12-081F-42B1-844C-24F945B8225B}
		{EC51117A-F681-47D9-8156-A550AD8097C8} = {73912A12-081F-42B1-844C-24F945B8225B}
		{6CDCA963-0429-4630-8803-1267E281B814} = {E6D98F68-B9C5-4441-9317-2F27304B55C6}
		{FF5E4D14-F367-4B7C-98E1-1542EC44F5F6} = {E6D98F68-B9C5-4441-9317-2F27304B55C6}
		{595C3997-3A70-4FE6-ACB0-3F8239C526BB} = {CAAB9A8C-2B83-400B-BE53-F9B7B2EDD06A}
		{6E42702E-875A-4165-92B3-D73A4048FDE1} = {595C3997-3A70-4FE6-ACB0-3F8239C526BB}
		{AD5E19ED-7E36-4975-8F23-D07872753087} = {595C3997-3A70-4FE6-ACB0-3F8239C526BB}
		{9246EADC-073C-44E4-AD50-0D3313A7D224} = {C90FAE01-E978-4DA7-B69E-6F984A54512F}
		{B22EAED5-B30F-4596-8782-45406B5C8E08} = {C90FAE01-E978-4DA7-B69E-6F984A54512F}
		{9ECEA4D3-DBEA-4CBE-9AEC-EAEF586187B2} = {F68579D1-CBFE-463B-A91E-D9F8473B34B3}
		{1DE08499-AABD-491E-8ECD-97CD520882BC} = {9ECEA4D3-DBEA-4CBE-9AEC-EAEF586187B2}
		{95075762-5F0A-4248-B25B-15FDB24AC444} = {9ECEA4D3-DBEA-4CBE-9AEC-EAEF586187B2}
		{5092C858-ECE1-454E-9E3D-B00286B1034E} = {9ECEA4D3-DBEA-4CBE-9AEC-EAEF586187B2}
		{991723C6-D57F-48E0-8EB6-361B91AF93C6} = {9ECEA4D3-DBEA-4CBE-9AEC-EAEF586187B2}
		{36CFAAE8-89BD-40AE-9AF8-14C584D24EC8} = {9ECEA4D3-DBEA-4CBE-9AEC-EAEF586187B2}
		{B8F82F6E-207D-49A3-A7D5-2905D6DE040A} = {E3880BA6-CED9-4A96-8A73-EBB05FC099CA}
		{F744F3CD-0992-416C-8F1A-28DBC131C99F} = {B8F82F6E-207D-49A3-A7D5-2905D6DE040A}
		{E807BAD0-449F-4851-A76C-2BCA8CD6D3F7} = {B8F82F6E-207D-49A3-A7D5-2905D6DE040A}
		{9A0782A9-7281-4892-A8FF-701E8CA78F9D} = {1E6EFB24-2EE7-4794-A591-C326BE7B06C0}
		{99E59AD5-D29E-4F9D-8DC6-AA8886EEDCD9} = {1E6EFB24-2EE7-4794-A591-C326BE7B06C0}
		{735911C2-6CA1-46F0-9566-46F29846F898} = {7547876F-B349-406D-B56A-4BC1C0D114CB}
		{CEBDE843-CBB9-4C4D-8E15-1F83713A9D52} = {735911C2-6CA1-46F0-9566-46F29846F898}
		{EE6B1371-DABE-4FAE-B183-D0DFD1ADE877} = {735911C2-6CA1-46F0-9566-46F29846F898}
		{DFA51AE2-95FD-4FEA-83F0-0F389FDD3103} = {735911C2-6CA1-46F0-9566-46F29846F898}
		{698C4496-E368-4796-9B7C-68F9507A43F8} = {735911C2-6CA1-46F0-9566-46F29846F898}
		{B7567622-33E1-4262-97FC-7DCAB7CE6D11} = {735911C2-6CA1-46F0-9566-46F29846F898}
		{FEBF7A91-8F1A-4C7F-9F34-06084747B21C} = {735911C2-6CA1-46F0-9566-46F29846F898}
		{D2D1A7BA-84C4-4B70-B8F8-F06F5BDCB670} = {735911C2-6CA1-46F0-9566-46F29846F898}
		{CDA8FCBB-1399-4572-B92C-BD47F9B08DAC} = {735911C2-6CA1-46F0-9566-46F29846F898}
		{CC4BFF00-5342-40CA-9386-5DC3FA3617F5} = {E498417F-C679-4034-B91F-AB82C2677A7E}
		{C01D3507-6302-4657-BBAD-1CBA35CF5DC5} = {CC4BFF00-5342-40CA-9386-5DC3FA3617F5}
		{E3DEB8BA-56CE-4B9B-B849-60F6D192DA56} = {CC4BFF00-5342-40CA-9386-5DC3FA3617F5}
		{024E23D4-11D1-45E7-864E-5E516FCC6612} = {CC4BFF00-5342-40CA-9386-5DC3FA3617F5}
		{FBBAFE6F-7287-4F21-A48A-79FC99DCDBD2} = {DDB4BA8C-15EF-4559-BECB-5BC701D3FD58}
		{AC259948-FE83-451D-81D2-526E8D6CFEFD} = {FBBAFE6F-7287-4F21-A48A-79FC99DCDBD2}
		{0B783812-AFEB-42CC-94D1-09FAD02B50A3} = {FBBAFE6F-7287-4F21-A48A-79FC99DCDBD2}
	EndGlobalSection
EndGlobal
